// !$*UTF8*$!
{
	archiveVersion = 1;
	classes = {
	};
	objectVersion = 55;
	objects = {

/* Begin PBXBuildFile section */
		C4855239278D362E00E20F49 /* AppDelegate.swift in Sources */ = {isa = PBXBuildFile; fileRef = C4855238278D362E00E20F49 /* AppDelegate.swift */; };
		C485523B278D362E00E20F49 /* SceneDelegate.swift in Sources */ = {isa = PBXBuildFile; fileRef = C485523A278D362E00E20F49 /* SceneDelegate.swift */; };
		C485523D278D362E00E20F49 /* ViewController.swift in Sources */ = {isa = PBXBuildFile; fileRef = C485523C278D362E00E20F49 /* ViewController.swift */; };
		C4855240278D362E00E20F49 /* Main.storyboard in Resources */ = {isa = PBXBuildFile; fileRef = C485523E278D362E00E20F49 /* Main.storyboard */; };
		C4855242278D363000E20F49 /* Assets.xcassets in Resources */ = {isa = PBXBuildFile; fileRef = C4855241278D363000E20F49 /* Assets.xcassets */; };
		C4855245278D363000E20F49 /* LaunchScreen.storyboard in Resources */ = {isa = PBXBuildFile; fileRef = C4855243278D363000E20F49 /* LaunchScreen.storyboard */; };
		C4855250278D363000E20F49 /* movieManagerTests.swift in Sources */ = {isa = PBXBuildFile; fileRef = C485524F278D363000E20F49 /* movieManagerTests.swift */; };
		C485525A278D363000E20F49 /* movieManagerUITests.swift in Sources */ = {isa = PBXBuildFile; fileRef = C4855259278D363000E20F49 /* movieManagerUITests.swift */; };
		C485525C278D363000E20F49 /* movieManagerUITestsLaunchTests.swift in Sources */ = {isa = PBXBuildFile; fileRef = C485525B278D363000E20F49 /* movieManagerUITestsLaunchTests.swift */; };
/* End PBXBuildFile section */

/* Begin PBXContainerItemProxy section */
		C485524C278D363000E20F49 /* PBXContainerItemProxy */ = {
			isa = PBXContainerItemProxy;
			containerPortal = C485522D278D362E00E20F49 /* Project object */;
			proxyType = 1;
			remoteGlobalIDString = C4855234278D362E00E20F49;
			remoteInfo = movieManager;
		};
		C4855256278D363000E20F49 /* PBXContainerItemProxy */ = {
			isa = PBXContainerItemProxy;
			containerPortal = C485522D278D362E00E20F49 /* Project object */;
			proxyType = 1;
			remoteGlobalIDString = C4855234278D362E00E20F49;
			remoteInfo = movieManager;
		};
/* End PBXContainerItemProxy section */

/* Begin PBXFileReference section */
		C4855235278D362E00E20F49 /* movieManager.app */ = {isa = PBXFileReference; explicitFileType = wrapper.application; includeInIndex = 0; path = movieManager.app; sourceTree = BUILT_PRODUCTS_DIR; };
		C4855238278D362E00E20F49 /* AppDelegate.swift */ = {isa = PBXFileReference; lastKnownFileType = sourcecode.swift; path = AppDelegate.swift; sourceTree = "<group>"; };
		C485523A278D362E00E20F49 /* SceneDelegate.swift */ = {isa = PBXFileReference; lastKnownFileType = sourcecode.swift; path = SceneDelegate.swift; sourceTree = "<group>"; };
		C485523C278D362E00E20F49 /* ViewController.swift */ = {isa = PBXFileReference; lastKnownFileType = sourcecode.swift; path = ViewController.swift; sourceTree = "<group>"; };
		C485523F278D362E00E20F49 /* Base */ = {isa = PBXFileReference; lastKnownFileType = file.storyboard; name = Base; path = Base.lproj/Main.storyboard; sourceTree = "<group>"; };
		C4855241278D363000E20F49 /* Assets.xcassets */ = {isa = PBXFileReference; lastKnownFileType = folder.assetcatalog; path = Assets.xcassets; sourceTree = "<group>"; };
		C4855244278D363000E20F49 /* Base */ = {isa = PBXFileReference; lastKnownFileType = file.storyboard; name = Base; path = Base.lproj/LaunchScreen.storyboard; sourceTree = "<group>"; };
		C4855246278D363000E20F49 /* Info.plist */ = {isa = PBXFileReference; lastKnownFileType = text.plist.xml; path = Info.plist; sourceTree = "<group>"; };
		C485524B278D363000E20F49 /* movieManagerTests.xctest */ = {isa = PBXFileReference; explicitFileType = wrapper.cfbundle; includeInIndex = 0; path = movieManagerTests.xctest; sourceTree = BUILT_PRODUCTS_DIR; };
		C485524F278D363000E20F49 /* movieManagerTests.swift */ = {isa = PBXFileReference; lastKnownFileType = sourcecode.swift; path = movieManagerTests.swift; sourceTree = "<group>"; };
		C4855255278D363000E20F49 /* movieManagerUITests.xctest */ = {isa = PBXFileReference; explicitFileType = wrapper.cfbundle; includeInIndex = 0; path = movieManagerUITests.xctest; sourceTree = BUILT_PRODUCTS_DIR; };
		C4855259278D363000E20F49 /* movieManagerUITests.swift */ = {isa = PBXFileReference; lastKnownFileType = sourcecode.swift; path = movieManagerUITests.swift; sourceTree = "<group>"; };
		C485525B278D363000E20F49 /* movieManagerUITestsLaunchTests.swift */ = {isa = PBXFileReference; lastKnownFileType = sourcecode.swift; path = movieManagerUITestsLaunchTests.swift; sourceTree = "<group>"; };
/* End PBXFileReference section */

/* Begin PBXFrameworksBuildPhase section */
		C4855232278D362E00E20F49 /* Frameworks */ = {
			isa = PBXFrameworksBuildPhase;
			buildActionMask = 2147483647;
			files = (
			);
			runOnlyForDeploymentPostprocessing = 0;
		};
		C4855248278D363000E20F49 /* Frameworks */ = {
			isa = PBXFrameworksBuildPhase;
			buildActionMask = 2147483647;
			files = (
			);
			runOnlyForDeploymentPostprocessing = 0;
		};
		C4855252278D363000E20F49 /* Frameworks */ = {
			isa = PBXFrameworksBuildPhase;
			buildActionMask = 2147483647;
			files = (
			);
			runOnlyForDeploymentPostprocessing = 0;
		};
/* End PBXFrameworksBuildPhase section */

/* Begin PBXGroup section */
		C485522C278D362E00E20F49 = {
			isa = PBXGroup;
			children = (
				C4855237278D362E00E20F49 /* movieManager */,
				C485524E278D363000E20F49 /* movieManagerTests */,
				C4855258278D363000E20F49 /* movieManagerUITests */,
				C4855236278D362E00E20F49 /* Products */,
			);
			sourceTree = "<group>";
		};
		C4855236278D362E00E20F49 /* Products */ = {
			isa = PBXGroup;
			children = (
				C4855235278D362E00E20F49 /* movieManager.app */,
				C485524B278D363000E20F49 /* movieManagerTests.xctest */,
				C4855255278D363000E20F49 /* movieManagerUITests.xctest */,
			);
			name = Products;
			sourceTree = "<group>";
		};
		C4855237278D362E00E20F49 /* movieManager */ = {
			isa = PBXGroup;
			children = (
				C4855238278D362E00E20F49 /* AppDelegate.swift */,
				C485523A278D362E00E20F49 /* SceneDelegate.swift */,
				C485523C278D362E00E20F49 /* ViewController.swift */,
				C485523E278D362E00E20F49 /* Main.storyboard */,
				C4855241278D363000E20F49 /* Assets.xcassets */,
				C4855243278D363000E20F49 /* LaunchScreen.storyboard */,
				C4855246278D363000E20F49 /* Info.plist */,
			);
			path = movieManager;
			sourceTree = "<group>";
		};
		C485524E278D363000E20F49 /* movieManagerTests */ = {
			isa = PBXGroup;
			children = (
				C485524F278D363000E20F49 /* movieManagerTests.swift */,
			);
			path = movieManagerTests;
			sourceTree = "<group>";
		};
		C4855258278D363000E20F49 /* movieManagerUITests */ = {
			isa = PBXGroup;
			children = (
				C4855259278D363000E20F49 /* movieManagerUITests.swift */,
				C485525B278D363000E20F49 /* movieManagerUITestsLaunchTests.swift */,
			);
			path = movieManagerUITests;
			sourceTree = "<group>";
		};
/* End PBXGroup section */

/* Begin PBXNativeTarget section */
		C4855234278D362E00E20F49 /* movieManager */ = {
			isa = PBXNativeTarget;
			buildConfigurationList = C485525F278D363000E20F49 /* Build configuration list for PBXNativeTarget "movieManager" */;
			buildPhases = (
				C4855231278D362E00E20F49 /* Sources */,
				C4855232278D362E00E20F49 /* Frameworks */,
				C4855233278D362E00E20F49 /* Resources */,
			);
			buildRules = (
			);
			dependencies = (
			);
			name = movieManager;
			productName = movieManager;
			productReference = C4855235278D362E00E20F49 /* movieManager.app */;
			productType = "com.apple.product-type.application";
		};
		C485524A278D363000E20F49 /* movieManagerTests */ = {
			isa = PBXNativeTarget;
			buildConfigurationList = C4855262278D363000E20F49 /* Build configuration list for PBXNativeTarget "movieManagerTests" */;
			buildPhases = (
				C4855247278D363000E20F49 /* Sources */,
				C4855248278D363000E20F49 /* Frameworks */,
				C4855249278D363000E20F49 /* Resources */,
			);
			buildRules = (
			);
			dependencies = (
				C485524D278D363000E20F49 /* PBXTargetDependency */,
			);
			name = movieManagerTests;
			productName = movieManagerTests;
			productReference = C485524B278D363000E20F49 /* movieManagerTests.xctest */;
			productType = "com.apple.product-type.bundle.unit-test";
		};
		C4855254278D363000E20F49 /* movieManagerUITests */ = {
			isa = PBXNativeTarget;
			buildConfigurationList = C4855265278D363000E20F49 /* Build configuration list for PBXNativeTarget "movieManagerUITests" */;
			buildPhases = (
				C4855251278D363000E20F49 /* Sources */,
				C4855252278D363000E20F49 /* Frameworks */,
				C4855253278D363000E20F49 /* Resources */,
			);
			buildRules = (
			);
			dependencies = (
				C4855257278D363000E20F49 /* PBXTargetDependency */,
			);
			name = movieManagerUITests;
			productName = movieManagerUITests;
			productReference = C4855255278D363000E20F49 /* movieManagerUITests.xctest */;
			productType = "com.apple.product-type.bundle.ui-testing";
		};
/* End PBXNativeTarget section */

/* Begin PBXProject section */
		C485522D278D362E00E20F49 /* Project object */ = {
			isa = PBXProject;
			attributes = {
				BuildIndependentTargetsInParallel = 1;
				LastSwiftUpdateCheck = 1320;
				LastUpgradeCheck = 1320;
				TargetAttributes = {
					C4855234278D362E00E20F49 = {
						CreatedOnToolsVersion = 13.2;
					};
					C485524A278D363000E20F49 = {
						CreatedOnToolsVersion = 13.2;
						TestTargetID = C4855234278D362E00E20F49;
					};
					C4855254278D363000E20F49 = {
						CreatedOnToolsVersion = 13.2;
						TestTargetID = C4855234278D362E00E20F49;
					};
				};
			};
			buildConfigurationList = C4855230278D362E00E20F49 /* Build configuration list for PBXProject "movieManager" */;
			compatibilityVersion = "Xcode 13.0";
			developmentRegion = en;
			hasScannedForEncodings = 0;
			knownRegions = (
				en,
				Base,
			);
			mainGroup = C485522C278D362E00E20F49;
			productRefGroup = C4855236278D362E00E20F49 /* Products */;
			projectDirPath = "";
			projectRoot = "";
			targets = (
				C4855234278D362E00E20F49 /* movieManager */,
				C485524A278D363000E20F49 /* movieManagerTests */,
				C4855254278D363000E20F49 /* movieManagerUITests */,
			);
		};
/* End PBXProject section */

/* Begin PBXResourcesBuildPhase section */
		C4855233278D362E00E20F49 /* Resources */ = {
			isa = PBXResourcesBuildPhase;
			buildActionMask = 2147483647;
			files = (
				C4855245278D363000E20F49 /* LaunchScreen.storyboard in Resources */,
				C4855242278D363000E20F49 /* Assets.xcassets in Resources */,
				C4855240278D362E00E20F49 /* Main.storyboard in Resources */,
			);
			runOnlyForDeploymentPostprocessing = 0;
		};
		C4855249278D363000E20F49 /* Resources */ = {
			isa = PBXResourcesBuildPhase;
			buildActionMask = 2147483647;
			files = (
			);
			runOnlyForDeploymentPostprocessing = 0;
		};
		C4855253278D363000E20F49 /* Resources */ = {
			isa = PBXResourcesBuildPhase;
			buildActionMask = 2147483647;
			files = (
			);
			runOnlyForDeploymentPostprocessing = 0;
		};
/* End PBXResourcesBuildPhase section */

/* Begin PBXSourcesBuildPhase section */
		C4855231278D362E00E20F49 /* Sources */ = {
			isa = PBXSourcesBuildPhase;
			buildActionMask = 2147483647;
			files = (
				C485523D278D362E00E20F49 /* ViewController.swift in Sources */,
				C4855239278D362E00E20F49 /* AppDelegate.swift in Sources */,
				C485523B278D362E00E20F49 /* SceneDelegate.swift in Sources */,
			);
			runOnlyForDeploymentPostprocessing = 0;
		};
		C4855247278D363000E20F49 /* Sources */ = {
			isa = PBXSourcesBuildPhase;
			buildActionMask = 2147483647;
			files = (
				C4855250278D363000E20F49 /* movieManagerTests.swift in Sources */,
			);
			runOnlyForDeploymentPostprocessing = 0;
		};
		C4855251278D363000E20F49 /* Sources */ = {
			isa = PBXSourcesBuildPhase;
			buildActionMask = 2147483647;
			files = (
				C485525A278D363000E20F49 /* movieManagerUITests.swift in Sources */,
				C485525C278D363000E20F49 /* movieManagerUITestsLaunchTests.swift in Sources */,
			);
			runOnlyForDeploymentPostprocessing = 0;
		};
/* End PBXSourcesBuildPhase section */

/* Begin PBXTargetDependency section */
		C485524D278D363000E20F49 /* PBXTargetDependency */ = {
			isa = PBXTargetDependency;
			target = C4855234278D362E00E20F49 /* movieManager */;
			targetProxy = C485524C278D363000E20F49 /* PBXContainerItemProxy */;
		};
		C4855257278D363000E20F49 /* PBXTargetDependency */ = {
			isa = PBXTargetDependency;
			target = C4855234278D362E00E20F49 /* movieManager */;
			targetProxy = C4855256278D363000E20F49 /* PBXContainerItemProxy */;
		};
/* End PBXTargetDependency section */

/* Begin PBXVariantGroup section */
		C485523E278D362E00E20F49 /* Main.storyboard */ = {
			isa = PBXVariantGroup;
			children = (
				C485523F278D362E00E20F49 /* Base */,
			);
			name = Main.storyboard;
			sourceTree = "<group>";
		};
		C4855243278D363000E20F49 /* LaunchScreen.storyboard */ = {
			isa = PBXVariantGroup;
			children = (
				C4855244278D363000E20F49 /* Base */,
			);
			name = LaunchScreen.storyboard;
			sourceTree = "<group>";
		};
/* End PBXVariantGroup section */

/* Begin XCBuildConfiguration section */
		C485525D278D363000E20F49 /* Debug */ = {
			isa = XCBuildConfiguration;
			buildSettings = {
				ALWAYS_SEARCH_USER_PATHS = NO;
				CLANG_ANALYZER_NONNULL = YES;
				CLANG_ANALYZER_NUMBER_OBJECT_CONVERSION = YES_AGGRESSIVE;
				CLANG_CXX_LANGUAGE_STANDARD = "gnu++17";
				CLANG_CXX_LIBRARY = "libc++";
				CLANG_ENABLE_MODULES = YES;
				CLANG_ENABLE_OBJC_ARC = YES;
				CLANG_ENABLE_OBJC_WEAK = YES;
				CLANG_WARN_BLOCK_CAPTURE_AUTORELEASING = YES;
				CLANG_WARN_BOOL_CONVERSION = YES;
				CLANG_WARN_COMMA = YES;
				CLANG_WARN_CONSTANT_CONVERSION = YES;
				CLANG_WARN_DEPRECATED_OBJC_IMPLEMENTATIONS = YES;
				CLANG_WARN_DIRECT_OBJC_ISA_USAGE = YES_ERROR;
				CLANG_WARN_DOCUMENTATION_COMMENTS = YES;
				CLANG_WARN_EMPTY_BODY = YES;
				CLANG_WARN_ENUM_CONVERSION = YES;
				CLANG_WARN_INFINITE_RECURSION = YES;
				CLANG_WARN_INT_CONVERSION = YES;
				CLANG_WARN_NON_LITERAL_NULL_CONVERSION = YES;
				CLANG_WARN_OBJC_IMPLICIT_RETAIN_SELF = YES;
				CLANG_WARN_OBJC_LITERAL_CONVERSION = YES;
				CLANG_WARN_OBJC_ROOT_CLASS = YES_ERROR;
				CLANG_WARN_QUOTED_INCLUDE_IN_FRAMEWORK_HEADER = YES;
				CLANG_WARN_RANGE_LOOP_ANALYSIS = YES;
				CLANG_WARN_STRICT_PROTOTYPES = YES;
				CLANG_WARN_SUSPICIOUS_MOVE = YES;
				CLANG_WARN_UNGUARDED_AVAILABILITY = YES_AGGRESSIVE;
				CLANG_WARN_UNREACHABLE_CODE = YES;
				CLANG_WARN__DUPLICATE_METHOD_MATCH = YES;
				COPY_PHASE_STRIP = NO;
				DEBUG_INFORMATION_FORMAT = dwarf;
				ENABLE_STRICT_OBJC_MSGSEND = YES;
				ENABLE_TESTABILITY = YES;
				GCC_C_LANGUAGE_STANDARD = gnu11;
				GCC_DYNAMIC_NO_PIC = NO;
				GCC_NO_COMMON_BLOCKS = YES;
				GCC_OPTIMIZATION_LEVEL = 0;
				GCC_PREPROCESSOR_DEFINITIONS = (
					"DEBUG=1",
					"$(inherited)",
				);
				GCC_WARN_64_TO_32_BIT_CONVERSION = YES;
				GCC_WARN_ABOUT_RETURN_TYPE = YES_ERROR;
				GCC_WARN_UNDECLARED_SELECTOR = YES;
				GCC_WARN_UNINITIALIZED_AUTOS = YES_AGGRESSIVE;
				GCC_WARN_UNUSED_FUNCTION = YES;
				GCC_WARN_UNUSED_VARIABLE = YES;
				IPHONEOS_DEPLOYMENT_TARGET = 15.2;
				MTL_ENABLE_DEBUG_INFO = INCLUDE_SOURCE;
				MTL_FAST_MATH = YES;
				ONLY_ACTIVE_ARCH = YES;
				SDKROOT = iphoneos;
				SWIFT_ACTIVE_COMPILATION_CONDITIONS = DEBUG;
				SWIFT_OPTIMIZATION_LEVEL = "-Onone";
			};
			name = Debug;
		};
		C485525E278D363000E20F49 /* Release */ = {
			isa = XCBuildConfiguration;
			buildSettings = {
				ALWAYS_SEARCH_USER_PATHS = NO;
				CLANG_ANALYZER_NONNULL = YES;
				CLANG_ANALYZER_NUMBER_OBJECT_CONVERSION = YES_AGGRESSIVE;
				CLANG_CXX_LANGUAGE_STANDARD = "gnu++17";
				CLANG_CXX_LIBRARY = "libc++";
				CLANG_ENABLE_MODULES = YES;
				CLANG_ENABLE_OBJC_ARC = YES;
				CLANG_ENABLE_OBJC_WEAK = YES;
				CLANG_WARN_BLOCK_CAPTURE_AUTORELEASING = YES;
				CLANG_WARN_BOOL_CONVERSION = YES;
				CLANG_WARN_COMMA = YES;
				CLANG_WARN_CONSTANT_CONVERSION = YES;
				CLANG_WARN_DEPRECATED_OBJC_IMPLEMENTATIONS = YES;
				CLANG_WARN_DIRECT_OBJC_ISA_USAGE = YES_ERROR;
				CLANG_WARN_DOCUMENTATION_COMMENTS = YES;
				CLANG_WARN_EMPTY_BODY = YES;
				CLANG_WARN_ENUM_CONVERSION = YES;
				CLANG_WARN_INFINITE_RECURSION = YES;
				CLANG_WARN_INT_CONVERSION = YES;
				CLANG_WARN_NON_LITERAL_NULL_CONVERSION = YES;
				CLANG_WARN_OBJC_IMPLICIT_RETAIN_SELF = YES;
				CLANG_WARN_OBJC_LITERAL_CONVERSION = YES;
				CLANG_WARN_OBJC_ROOT_CLASS = YES_ERROR;
				CLANG_WARN_QUOTED_INCLUDE_IN_FRAMEWORK_HEADER = YES;
				CLANG_WARN_RANGE_LOOP_ANALYSIS = YES;
				CLANG_WARN_STRICT_PROTOTYPES = YES;
				CLANG_WARN_SUSPICIOUS_MOVE = YES;
				CLANG_WARN_UNGUARDED_AVAILABILITY = YES_AGGRESSIVE;
				CLANG_WARN_UNREACHABLE_CODE = YES;
				CLANG_WARN__DUPLICATE_METHOD_MATCH = YES;
				COPY_PHASE_STRIP = NO;
				DEBUG_INFORMATION_FORMAT = "dwarf-with-dsym";
				ENABLE_NS_ASSERTIONS = NO;
				ENABLE_STRICT_OBJC_MSGSEND = YES;
				GCC_C_LANGUAGE_STANDARD = gnu11;
				GCC_NO_COMMON_BLOCKS = YES;
				GCC_WARN_64_TO_32_BIT_CONVERSION = YES;
				GCC_WARN_ABOUT_RETURN_TYPE = YES_ERROR;
				GCC_WARN_UNDECLARED_SELECTOR = YES;
				GCC_WARN_UNINITIALIZED_AUTOS = YES_AGGRESSIVE;
				GCC_WARN_UNUSED_FUNCTION = YES;
				GCC_WARN_UNUSED_VARIABLE = YES;
				IPHONEOS_DEPLOYMENT_TARGET = 15.2;
				MTL_ENABLE_DEBUG_INFO = NO;
				MTL_FAST_MATH = YES;
				SDKROOT = iphoneos;
				SWIFT_COMPILATION_MODE = wholemodule;
				SWIFT_OPTIMIZATION_LEVEL = "-O";
				VALIDATE_PRODUCT = YES;
			};
			name = Release;
		};
		C4855260278D363000E20F49 /* Debug */ = {
			isa = XCBuildConfiguration;
			buildSettings = {
				ASSETCATALOG_COMPILER_APPICON_NAME = AppIcon;
				ASSETCATALOG_COMPILER_GLOBAL_ACCENT_COLOR_NAME = AccentColor;
				CODE_SIGN_STYLE = Automatic;
				CURRENT_PROJECT_VERSION = 1;
				DEVELOPMENT_TEAM = 36QSLHRZ46;
				GENERATE_INFOPLIST_FILE = YES;
				INFOPLIST_FILE = movieManager/Info.plist;
				INFOPLIST_KEY_UIApplicationSupportsIndirectInputEvents = YES;
				INFOPLIST_KEY_UILaunchStoryboardName = LaunchScreen;
				INFOPLIST_KEY_UIMainStoryboardFile = Main;
				INFOPLIST_KEY_UISupportedInterfaceOrientations_iPad = "UIInterfaceOrientationPortrait UIInterfaceOrientationPortraitUpsideDown UIInterfaceOrientationLandscapeLeft UIInterfaceOrientationLandscapeRight";
				INFOPLIST_KEY_UISupportedInterfaceOrientations_iPhone = "UIInterfaceOrientationPortrait UIInterfaceOrientationLandscapeLeft UIInterfaceOrientationLandscapeRight";
				LD_RUNPATH_SEARCH_PATHS = (
					"$(inherited)",
					"@executable_path/Frameworks",
				);
				MARKETING_VERSION = 1.0;
				PRODUCT_BUNDLE_IDENTIFIER = lye.movieManager;
				PRODUCT_NAME = "$(TARGET_NAME)";
				SWIFT_EMIT_LOC_STRINGS = YES;
				SWIFT_VERSION = 5.0;
				TARGETED_DEVICE_FAMILY = "1,2";
			};
			name = Debug;
		};
		C4855261278D363000E20F49 /* Release */ = {
			isa = XCBuildConfiguration;
			buildSettings = {
				ASSETCATALOG_COMPILER_APPICON_NAME = AppIcon;
				ASSETCATALOG_COMPILER_GLOBAL_ACCENT_COLOR_NAME = AccentColor;
				CODE_SIGN_STYLE = Automatic;
				CURRENT_PROJECT_VERSION = 1;
				DEVELOPMENT_TEAM = 36QSLHRZ46;
				GENERATE_INFOPLIST_FILE = YES;
				INFOPLIST_FILE = movieManager/Info.plist;
				INFOPLIST_KEY_UIApplicationSupportsIndirectInputEvents = YES;
				INFOPLIST_KEY_UILaunchStoryboardName = LaunchScreen;
				INFOPLIST_KEY_UIMainStoryboardFile = Main;
				INFOPLIST_KEY_UISupportedInterfaceOrientations_iPad = "UIInterfaceOrientationPortrait UIInterfaceOrientationPortraitUpsideDown UIInterfaceOrientationLandscapeLeft UIInterfaceOrientationLandscapeRight";
				INFOPLIST_KEY_UISupportedInterfaceOrientations_iPhone = "UIInterfaceOrientationPortrait UIInterfaceOrientationLandscapeLeft UIInterfaceOrientationLandscapeRight";
				LD_RUNPATH_SEARCH_PATHS = (
					"$(inherited)",
					"@executable_path/Frameworks",
				);
				MARKETING_VERSION = 1.0;
				PRODUCT_BUNDLE_IDENTIFIER = lye.movieManager;
				PRODUCT_NAME = "$(TARGET_NAME)";
				SWIFT_EMIT_LOC_STRINGS = YES;
				SWIFT_VERSION = 5.0;
				TARGETED_DEVICE_FAMILY = "1,2";
			};
			name = Release;
		};
		C4855263278D363000E20F49 /* Debug */ = {
			isa = XCBuildConfiguration;
			buildSettings = {
				ALWAYS_EMBED_SWIFT_STANDARD_LIBRARIES = YES;
				BUNDLE_LOADER = "$(TEST_HOST)";
				CODE_SIGN_STYLE = Automatic;
				CURRENT_PROJECT_VERSION = 1;
				DEVELOPMENT_TEAM = 36QSLHRZ46;
				GENERATE_INFOPLIST_FILE = YES;
				IPHONEOS_DEPLOYMENT_TARGET = 15.2;
				MARKETING_VERSION = 1.0;
				PRODUCT_BUNDLE_IDENTIFIER = lye.movieManagerTests;
				PRODUCT_NAME = "$(TARGET_NAME)";
				SWIFT_EMIT_LOC_STRINGS = NO;
				SWIFT_VERSION = 5.0;
				TARGETED_DEVICE_FAMILY = "1,2";
				TEST_HOST = "$(BUILT_PRODUCTS_DIR)/movieManager.app/movieManager";
			};
			name = Debug;
		};
		C4855264278D363000E20F49 /* Release */ = {
			isa = XCBuildConfiguration;
			buildSettings = {
				ALWAYS_EMBED_SWIFT_STANDARD_LIBRARIES = YES;
				BUNDLE_LOADER = "$(TEST_HOST)";
				CODE_SIGN_STYLE = Automatic;
				CURRENT_PROJECT_VERSION = 1;
				DEVELOPMENT_TEAM = 36QSLHRZ46;
				GENERATE_INFOPLIST_FILE = YES;
				IPHONEOS_DEPLOYMENT_TARGET = 15.2;
				MARKETING_VERSION = 1.0;
				PRODUCT_BUNDLE_IDENTIFIER = lye.movieManagerTests;
				PRODUCT_NAME = "$(TARGET_NAME)";
				SWIFT_EMIT_LOC_STRINGS = NO;
				SWIFT_VERSION = 5.0;
				TARGETED_DEVICE_FAMILY = "1,2";
				TEST_HOST = "$(BUILT_PRODUCTS_DIR)/movieManager.app/movieManager";
			};
			name = Release;
		};
		C4855266278D363000E20F49 /* Debug */ = {
			isa = XCBuildConfiguration;
			buildSettings = {
				ALWAYS_EMBED_SWIFT_STANDARD_LIBRARIES = YES;
				CODE_SIGN_STYLE = Automatic;
				CURRENT_PROJECT_VERSION = 1;
				DEVELOPMENT_TEAM = 36QSLHRZ46;
				GENERATE_INFOPLIST_FILE = YES;
				MARKETING_VERSION = 1.0;
				PRODUCT_BUNDLE_IDENTIFIER = lye.movieManagerUITests;
				PRODUCT_NAME = "$(TARGET_NAME)";
				SWIFT_EMIT_LOC_STRINGS = NO;
				SWIFT_VERSION = 5.0;
				TARGETED_DEVICE_FAMILY = "1,2";
				TEST_TARGET_NAME = movieManager;
			};
			name = Debug;
		};
		C4855267278D363000E20F49 /* Release */ = {
			isa = XCBuildConfiguration;
			buildSettings = {
				ALWAYS_EMBED_SWIFT_STANDARD_LIBRARIES = YES;
				CODE_SIGN_STYLE = Automatic;
				CURRENT_PROJECT_VERSION = 1;
				DEVELOPMENT_TEAM = 36QSLHRZ46;
				GENERATE_INFOPLIST_FILE = YES;
				MARKETING_VERSION = 1.0;
				PRODUCT_BUNDLE_IDENTIFIER = lye.movieManagerUITests;
				PRODUCT_NAME = "$(TARGET_NAME)";
				SWIFT_EMIT_LOC_STRINGS = NO;
				SWIFT_VERSION = 5.0;
				TARGETED_DEVICE_FAMILY = "1,2";
				TEST_TARGET_NAME = movieManager;
			};
			name = Release;
		};
/* End XCBuildConfiguration section */

/* Begin XCConfigurationList section */
		C4855230278D362E00E20F49 /* Build configuration list for PBXProject "movieManager" */ = {
			isa = XCConfigurationList;
			buildConfigurations = (
				C485525D278D363000E20F49 /* Debug */,
				C485525E278D363000E20F49 /* Release */,
			);
			defaultConfigurationIsVisible = 0;
			defaultConfigurationName = Release;
		};
		C485525F278D363000E20F49 /* Build configuration list for PBXNativeTarget "movieManager" */ = {
			isa = XCConfigurationList;
			buildConfigurations = (
				C4855260278D363000E20F49 /* Debug */,
				C4855261278D363000E20F49 /* Release */,
			);
			defaultConfigurationIsVisible = 0;
			defaultConfigurationName = Release;
		};
		C4855262278D363000E20F49 /* Build configuration list for PBXNativeTarget "movieManagerTests" */ = {
			isa = XCConfigurationList;
			buildConfigurations = (
				C4855263278D363000E20F49 /* Debug */,
				C4855264278D363000E20F49 /* Release */,
			);
			defaultConfigurationIsVisible = 0;
			defaultConfigurationName = Release;
		};
		C4855265278D363000E20F49 /* Build configuration list for PBXNativeTarget "movieManagerUITests" */ = {
			isa = XCConfigurationList;
			buildConfigurations = (
				C4855266278D363000E20F49 /* Debug */,
				C4855267278D363000E20F49 /* Release */,
			);
			defaultConfigurationIsVisible = 0;
			defaultConfigurationName = Release;
		};
/* End XCConfigurationList section */
	};
	rootObject = C485522D278D362E00E20F49 /* Project object */;
}
